
Microsoft Visual Studio Solution File, Format Version 12.00
# Visual Studio Version 17
VisualStudioVersion = 17.13.35806.99
MinimumVisualStudioVersion = 10.0.40219.1
Project("{FAE04EC0-301F-11D3-BF4B-00C04F79EFBC}") = "ModBusRTU", "WindowsFormsApp1\ModBusRTU.csproj", "{578A249E-E50C-4A16-9508-7152C9DB9030}"
EndProject
Project("{FAE04EC0-301F-11D3-BF4B-00C04F79EFBC}") = "ModbusRTULib", "ModbusRTULib\ModbusRTULib.csproj", "{D6064983-409A-4176-B201-F9ECA56926FB}"
EndProject
Project("{FAE04EC0-301F-11D3-BF4B-00C04F79EFBC}") = "ModbusTCPLib", "ModbusTCP\ModbusTCPLib.csproj", "{B0594455-A127-4676-8FAC-60F75480CDAE}"
EndProject
Project("{FAE04EC0-301F-11D3-BF4B-00C04F79EFBC}") = "ModbusTcpView", "ModbusTcpView\ModbusTcpView.csproj", "{A32F9125-AAF0-47D8-B86C-06C4E49EB795}"
EndProject
Project("{FAE04EC0-301F-11D3-BF4B-00C04F79EFBC}") = "Modbus_MTH", "Modbus_MTH\Modbus_MTH.csproj", "{CF9CD512-08DA-455D-A086-2ADD7E3865E6}"
EndProject
Project("{FAE04EC0-301F-11D3-BF4B-00C04F79EFBC}") = "Modbus_MTH_Lib", "Modbus_MTH_Lib\Modbus_MTH_Lib.csproj", "{CE1ED3BC-A01A-4D5E-BF7E-F7DDBC2E2658}"
EndProject
Global
	GlobalSection(SolutionConfigurationPlatforms) = preSolution
		Debug|Any CPU = Debug|Any CPU
		Release|Any CPU = Release|Any CPU
	EndGlobalSection
	GlobalSection(ProjectConfigurationPlatforms) = postSolution
		{578A249E-E50C-4A16-9508-7152C9DB9030}.Debug|Any CPU.ActiveCfg = Debug|Any CPU
		{578A249E-E50C-4A16-9508-7152C9DB9030}.Debug|Any CPU.Build.0 = Debug|Any CPU
		{578A249E-E50C-4A16-9508-7152C9DB9030}.Release|Any CPU.ActiveCfg = Release|Any CPU
		{578A249E-E50C-4A16-9508-7152C9DB9030}.Release|Any CPU.Build.0 = Release|Any CPU
		{D6064983-409A-4176-B201-F9ECA56926FB}.Debug|Any CPU.ActiveCfg = Debug|Any CPU
		{D6064983-409A-4176-B201-F9ECA56926FB}.Debug|Any CPU.Build.0 = Debug|Any CPU
		{D6064983-409A-4176-B201-F9ECA56926FB}.Release|Any CPU.ActiveCfg = Release|Any CPU
		{D6064983-409A-4176-B201-F9ECA56926FB}.Release|Any CPU.Build.0 = Release|Any CPU
		{B0594455-A127-4676-8FAC-60F75480CDAE}.Debug|Any CPU.ActiveCfg = Debug|Any CPU
		{B0594455-A127-4676-8FAC-60F75480CDAE}.Debug|Any CPU.Build.0 = Debug|Any CPU
		{B0594455-A127-4676-8FAC-60F75480CDAE}.Release|Any CPU.ActiveCfg = Release|Any CPU
		{B0594455-A127-4676-8FAC-60F75480CDAE}.Release|Any CPU.Build.0 = Release|Any CPU
		{A32F9125-AAF0-47D8-B86C-06C4E49EB795}.Debug|Any CPU.ActiveCfg = Debug|Any CPU
		{A32F9125-AAF0-47D8-B86C-06C4E49EB795}.Debug|Any CPU.Build.0 = Debug|Any CPU
		{A32F9125-AAF0-47D8-B86C-06C4E49EB795}.Release|Any CPU.ActiveCfg = Release|Any CPU
		{A32F9125-AAF0-47D8-B86C-06C4E49EB795}.Release|Any CPU.Build.0 = Release|Any CPU
		{CF9CD512-08DA-455D-A086-2ADD7E3865E6}.Debug|Any CPU.ActiveCfg = Debug|Any CPU
		{CF9CD512-08DA-455D-A086-2ADD7E3865E6}.Debug|Any CPU.Build.0 = Debug|Any CPU
		{CF9CD512-08DA-455D-A086-2ADD7E3865E6}.Release|Any CPU.ActiveCfg = Release|Any CPU
		{CF9CD512-08DA-455D-A086-2ADD7E3865E6}.Release|Any CPU.Build.0 = Release|Any CPU
		{CE1ED3BC-A01A-4D5E-BF7E-F7DDBC2E2658}.Debug|Any CPU.ActiveCfg = Debug|Any CPU
		{CE1ED3BC-A01A-4D5E-BF7E-F7DDBC2E2658}.Debug|Any CPU.Build.0 = Debug|Any CPU
		{CE1ED3BC-A01A-4D5E-BF7E-F7DDBC2E2658}.Release|Any CPU.ActiveCfg = Release|Any CPU
		{CE1ED3BC-A01A-4D5E-BF7E-F7DDBC2E2658}.Release|Any CPU.Build.0 = Release|Any CPU
	EndGlobalSection
	GlobalSection(SolutionProperties) = preSolution
		HideSolutionNode = FALSE
	EndGlobalSection
	GlobalSection(ExtensibilityGlobals) = postSolution
		SolutionGuid = {6E8AABF2-2982-4B72-890C-0D0F41A81D8C}
	EndGlobalSection
EndGlobal
